// !$*UTF8*$!
{
	archiveVersion = 1;
	classes = {
	};
	objectVersion = 77;
	objects = {

/* Begin PBXBuildFile section */
		025CA9C0AECB2E12E7F8D940 /* FlappyView.swift in Sources */ = {isa = PBXBuildFile; fileRef = D215B02F0492A1F472839D21 /* FlappyView.swift */; };
		06C144D9C5F4A93644F5900B /* FlickHoopsView.swift in Sources */ = {isa = PBXBuildFile; fileRef = 8EDFA49039883A9D78496E00 /* FlickHoopsView.swift */; };
		09F88D6C8259A063353F70EC /* GemCatcherView.swift in Sources */ = {isa = PBXBuildFile; fileRef = D56BD96591291AAD2E4FA5F5 /* GemCatcherView.swift */; };
		0E8851ADE787EE399B3DA14F /* NumberFlowView.swift in Sources */ = {isa = PBXBuildFile; fileRef = 86585732DDA78DE02D71DC44 /* NumberFlowView.swift */; };
		0F8F976417F9F46073223C08 /* FinalGauntletView.swift in Sources */ = {isa = PBXBuildFile; fileRef = DEA0F5C0BFEC960BAF9299DE /* FinalGauntletView.swift */; };
		13B82D2F77E6BE6AB4819D14 /* PipeConnectView.swift in Sources */ = {isa = PBXBuildFile; fileRef = F3272EF1B8E3EF51B620A095 /* PipeConnectView.swift */; };
		145FDB98E7A385301199F008 /* ColorMatchView.swift in Sources */ = {isa = PBXBuildFile; fileRef = 84164F9D7B1D62C0B9B5E46C /* ColorMatchView.swift */; };
		156324741CC0E45328AC0672 /* Match3View.swift in Sources */ = {isa = PBXBuildFile; fileRef = 394F854341B12C73F4CFE7C2 /* Match3View.swift */; };
		15B8A54DED2D15BC56FD2667 /* PongView.swift in Sources */ = {isa = PBXBuildFile; fileRef = C757DCD9D81730E0FF94DA35 /* PongView.swift */; };
		165559E9DE650FA5DFE34F78 /* CircuitView.swift in Sources */ = {isa = PBXBuildFile; fileRef = 4DCD68784593798F70E26939 /* CircuitView.swift */; };
		19328985B07F86F8443D9EA6 /* CrosswordView.swift in Sources */ = {isa = PBXBuildFile; fileRef = 79F3D2FD0FEB7AE6DF41B7AD /* CrosswordView.swift */; };
		1ADB1D8808ED66F2D45A237C /* TowerHanoiView.swift in Sources */ = {isa = PBXBuildFile; fileRef = 1613694DBC0FDDF350988201 /* TowerHanoiView.swift */; };
		1C7844A6444FB10F89BFB712 /* LaserMirrorView.swift in Sources */ = {isa = PBXBuildFile; fileRef = C719AFC6E397D68502738FEE /* LaserMirrorView.swift */; };
		1FA21A5FCEF53E6556EA9F90 /* CheckersView.swift in Sources */ = {isa = PBXBuildFile; fileRef = 0C7BDE8FE0EFFE01601B10E4 /* CheckersView.swift */; };
		232C9080EF2B3D462622D04B /* DefenseView.swift in Sources */ = {isa = PBXBuildFile; fileRef = 97CA8006FEA88F04F0530596 /* DefenseView.swift */; };
		26EE470EF69A73C70E5A7637 /* BrickBlastView.swift in Sources */ = {isa = PBXBuildFile; fileRef = 2ACB7EFCE2A5D3A3B6A7344A /* BrickBlastView.swift */; };
		2785C3C23B3F4FFAE4A7C500 /* BalanceBallView.swift in Sources */ = {isa = PBXBuildFile; fileRef = 7521B450B0BE326C64E1FE64 /* BalanceBallView.swift */; };
		27CD94FA01849F635D8793DF /* MagnetBallView.swift in Sources */ = {isa = PBXBuildFile; fileRef = 66F63272651DDB1F4D8D5B6D /* MagnetBallView.swift */; };
		283D05B500B6D2AAD2D84705 /* ColorWaveView.swift in Sources */ = {isa = PBXBuildFile; fileRef = 5C820CB56BE2E13E6A3D6F98 /* ColorWaveView.swift */; };
		290329AC5117C5BFFBC51B90 /* FruitSliceView.swift in Sources */ = {isa = PBXBuildFile; fileRef = 233BF7C19E80AA19B68CA404 /* FruitSliceView.swift */; };
		2B3EB0242507CF80BADF5EBA /* StackSortView.swift in Sources */ = {isa = PBXBuildFile; fileRef = 7B0D136997E651A2C8EB5C9E /* StackSortView.swift */; };
		2FF3ED2F60819E0DFF2017C9 /* FarkleView.swift in Sources */ = {isa = PBXBuildFile; fileRef = 7BB4DF37F97A5D3D05CEF242 /* FarkleView.swift */; };
		328C1F49048333DC0AFA5C3B /* SandFallView.swift in Sources */ = {isa = PBXBuildFile; fileRef = A60FDFDC5661B283EF5B15AF /* SandFallView.swift */; };
		345B455C3A9C9EE1D46C3308 /* WordChainView.swift in Sources */ = {isa = PBXBuildFile; fileRef = 2E8881AC362CF9866B47ABCA /* WordChainView.swift */; };
		34D355355838E18A93CB5F7B /* SpotDiffView.swift in Sources */ = {isa = PBXBuildFile; fileRef = DE857134E5D187170036FA85 /* SpotDiffView.swift */; };
		36B31DD6F0793413966635F3 /* MathBlitzView.swift in Sources */ = {isa = PBXBuildFile; fileRef = ABF3593F15B9550494FB1F2A /* MathBlitzView.swift */; };
		3CA29996095EF8D89F2B6E80 /* Puzzle2048View.swift in Sources */ = {isa = PBXBuildFile; fileRef = BE6F335EB122909D5273879F /* Puzzle2048View.swift */; };
		3CB07EC3E82FBC5932D09C2F /* WordleView.swift in Sources */ = {isa = PBXBuildFile; fileRef = 763B140AC6D474D1DB073655 /* WordleView.swift */; };
		3CBFF21D31D486E840ADD070 /* ArcheryView.swift in Sources */ = {isa = PBXBuildFile; fileRef = E6734E1CC1B17E349CA8C763 /* ArcheryView.swift */; };
		3EC7E36BCE87EC35481E20D7 /* BeatClockView.swift in Sources */ = {isa = PBXBuildFile; fileRef = CAF6517165274BA3DD972D9A /* BeatClockView.swift */; };
		433B49152B089B880EC55307 /* ConnectFourView.swift in Sources */ = {isa = PBXBuildFile; fileRef = 1D80D8DBD069517D66875BDC /* ConnectFourView.swift */; };
		4341F2E7BBDF62358EEFA60D /* DodgeView.swift in Sources */ = {isa = PBXBuildFile; fileRef = 37F3A58413FECCFA4EE46D4F /* DodgeView.swift */; };
		4A179488CB345F67EBD19633 /* AsteroidView.swift in Sources */ = {isa = PBXBuildFile; fileRef = 8AC5C3DAFD94837C7CA70F2E /* AsteroidView.swift */; };
		4EA9FC459351EBA8FEEA09AC /* TetrisView.swift in Sources */ = {isa = PBXBuildFile; fileRef = F05420B79DE98D1EE483027B /* TetrisView.swift */; };
		5164B8E54F5FD81EA25AC96A /* FlipCardsView.swift in Sources */ = {isa = PBXBuildFile; fileRef = 9C6E41FA73E4ECF58107D2BE /* FlipCardsView.swift */; };
		537D39CF288F170110A456C1 /* SlidingPuzzleView.swift in Sources */ = {isa = PBXBuildFile; fileRef = 7BA560421C4D14652B604A71 /* SlidingPuzzleView.swift */; };
		548DDA21C0E72F73155E333D /* GolfPuttView.swift in Sources */ = {isa = PBXBuildFile; fileRef = 197728545DB90EABC413EDC4 /* GolfPuttView.swift */; };
		58663CFBFAE2C5D5FA39573B /* ShadowMatchView.swift in Sources */ = {isa = PBXBuildFile; fileRef = C1EA7C6852FF1A393265CFE2 /* ShadowMatchView.swift */; };
		5CEAE51A8B73F41BBF767F01 /* StackerView.swift in Sources */ = {isa = PBXBuildFile; fileRef = 058A816F9DE5A119C07B2EDA /* StackerView.swift */; };
		61B7B599636DD43F208E0552 /* RhythmTapView.swift in Sources */ = {isa = PBXBuildFile; fileRef = C4A662DF7BAB3A740C5EB630 /* RhythmTapView.swift */; };
		6545188496931CA8BED71647 /* TriviaView.swift in Sources */ = {isa = PBXBuildFile; fileRef = 78A1A6F42531E26F7CC3B5AE /* TriviaView.swift */; };
		6789E024BAF7FF2D1C0E75FF /* AirHockeyView.swift in Sources */ = {isa = PBXBuildFile; fileRef = 3394324632DC467B5C5369A4 /* AirHockeyView.swift */; };
		6DE17209CBAF1CF2C96413F5 /* ParkingView.swift in Sources */ = {isa = PBXBuildFile; fileRef = 5E7F2FA618A9612F6F9FF8DF /* ParkingView.swift */; };
		72F99D829EA036EA1C1AA973 /* HighLowView.swift in Sources */ = {isa = PBXBuildFile; fileRef = 2876EF258186198E0D4AAE66 /* HighLowView.swift */; };
		744E4A46F601AFCD675184B0 /* MemorySeqView.swift in Sources */ = {isa = PBXBuildFile; fileRef = 8BD8C2F018E6FAFD4A1F9488 /* MemorySeqView.swift */; };
		7713944156983C320A1D5B5D /* BreakoutView.swift in Sources */ = {isa = PBXBuildFile; fileRef = 37916F9A6D52C0968082A9E5 /* BreakoutView.swift */; };
		7869C6B2E91F9AD1FAFB0299 /* PicCrossView.swift in Sources */ = {isa = PBXBuildFile; fileRef = AE1DAF943DC101D621C89E7A /* PicCrossView.swift */; };
		79D5A949124E44062F7274CF /* WhackView.swift in Sources */ = {isa = PBXBuildFile; fileRef = 1F88673DEE682A2ED46ECDE3 /* WhackView.swift */; };
		7ABC653786ABF7F00669B64B /* JumperView.swift in Sources */ = {isa = PBXBuildFile; fileRef = 6A1D9BC66A43B7B9F8844582 /* JumperView.swift */; };
		7B8DA6DF7D549FF1C720B54C /* LetterChainView.swift in Sources */ = {isa = PBXBuildFile; fileRef = 02BA1425A5291F2B2408E671 /* LetterChainView.swift */; };
		7EA3DD12646DCC82C24E3A3A /* MemoryView.swift in Sources */ = {isa = PBXBuildFile; fileRef = 4B4E71B8B6323507208D025A /* MemoryView.swift */; };
		8032DC83432EFB1E39415BA4 /* GravitySwitchView.swift in Sources */ = {isa = PBXBuildFile; fileRef = AECD5DE63EB670E1872A248E /* GravitySwitchView.swift */; };
		825F4CB590F206BF07282273 /* ColorSortView.swift in Sources */ = {isa = PBXBuildFile; fileRef = 6A3EEF1F49BC3BF0CD338BCF /* ColorSortView.swift */; };
		82BA35A79F167D3FDC9AAFF0 /* ZenPainterView.swift in Sources */ = {isa = PBXBuildFile; fileRef = 04E66AD9C25D898E4D17F33E /* ZenPainterView.swift */; };
		83B3A60A3B6CD7A5C80D7517 /* SimonView.swift in Sources */ = {isa = PBXBuildFile; fileRef = 0B180E304C53A84634FADB3E /* SimonView.swift */; };
		87E49AA2E3211C75A1A556E5 /* ColorFloodView.swift in Sources */ = {isa = PBXBuildFile; fileRef = A3B499A16015B2538C352484 /* ColorFloodView.swift */; };
		8C23FC8DF30DBDA80CA8DD2B /* BlockPushView.swift in Sources */ = {isa = PBXBuildFile; fileRef = 467F8FD27A47CC94436BE660 /* BlockPushView.swift */; };
		8FDBC2B6FAF630234B2C1560 /* GravityPuzzleView.swift in Sources */ = {isa = PBXBuildFile; fileRef = 343FA4124F3E531C8AC54B58 /* GravityPuzzleView.swift */; };
		9483D6F6ACC5B84928BAB32A /* RopeCutView.swift in Sources */ = {isa = PBXBuildFile; fileRef = 47CF1B2B75F77DE0A1BA8492 /* RopeCutView.swift */; };
		95DE51F86317B5E7E2C6AC9B /* BinaryGameView.swift in Sources */ = {isa = PBXBuildFile; fileRef = E5E32AAD8AFE61423445751A /* BinaryGameView.swift */; };
		97191A8F6C03E795128574BD /* SpaceShooterView.swift in Sources */ = {isa = PBXBuildFile; fileRef = D956F1135AA33A0C4BA61DA1 /* SpaceShooterView.swift */; };
		978B435DD5BB87F84B6DAD84 /* DartsView.swift in Sources */ = {isa = PBXBuildFile; fileRef = 738FB273C82735C4DAB84A8D /* DartsView.swift */; };
		9AB70803AC4D69235EC6D2F1 /* SpinTargetView.swift in Sources */ = {isa = PBXBuildFile; fileRef = 19039C977D055B0E6BEB36F8 /* SpinTargetView.swift */; };
		9CA2444F60E9D0F9B2072D91 /* DungeonView.swift in Sources */ = {isa = PBXBuildFile; fileRef = 50552630A8652644B2725F79 /* DungeonView.swift */; };
		9EC0BD265889530264BBEFBC /* InfinityHopView.swift in Sources */ = {isa = PBXBuildFile; fileRef = DCA96E33B338A044A4706807 /* InfinityHopView.swift */; };
		A2285DB1DF9D973B1332D548 /* ChainReactionView.swift in Sources */ = {isa = PBXBuildFile; fileRef = 661929F503397D73BE728CD1 /* ChainReactionView.swift */; };
		A35C9C65ADA92FBC3EE11957 /* MinesweeperView.swift in Sources */ = {isa = PBXBuildFile; fileRef = 65CA415850680943D3C830E5 /* MinesweeperView.swift */; };
		A535D3DDC0E7E2A5D363857D /* BubblePopView.swift in Sources */ = {isa = PBXBuildFile; fileRef = 0B97FB141B86AFA0691782A8 /* BubblePopView.swift */; };
		A65BAC36592DE9A9E29EC5C8 /* LightsOutView.swift in Sources */ = {isa = PBXBuildFile; fileRef = CE018EF03585D6336D8F8B5E /* LightsOutView.swift */; };
		A6CF03B1C10B6FC5F86CF2CF /* SudokuView.swift in Sources */ = {isa = PBXBuildFile; fileRef = E81FA351EF54731CBFC047C2 /* SudokuView.swift */; };
		A999DA3180E0A740C6959D97 /* CatchFishView.swift in Sources */ = {isa = PBXBuildFile; fileRef = 8E81DA314E81E64B604F7DE7 /* CatchFishView.swift */; };
		AB049A50CA724F59416BDCD1 /* NonogramView.swift in Sources */ = {isa = PBXBuildFile; fileRef = BA64430CC58CAD28BF50F178 /* NonogramView.swift */; };
		AC3E99EF9730E529C0967F67 /* CodeBreakerView.swift in Sources */ = {isa = PBXBuildFile; fileRef = DA122040A9D38601F32FB14B /* CodeBreakerView.swift */; };
		AC49E5196EF24F86D6CF2025 /* BlackjackView.swift in Sources */ = {isa = PBXBuildFile; fileRef = 1EE96D8FC5AF852034D433D5 /* BlackjackView.swift */; };
		ACB674306352DF95FF63AA1C /* Assets.xcassets in Resources */ = {isa = PBXBuildFile; fileRef = 56DF1C5390F9B197DB5AFC10 /* Assets.xcassets */; };
		B0076CFBB552B8AE7AB665FF /* SokobanView.swift in Sources */ = {isa = PBXBuildFile; fileRef = 5DA4D43F790A9F8BCF8FE987 /* SokobanView.swift */; };
		B39CADCCDE0AF1919250A120 /* ReactionView.swift in Sources */ = {isa = PBXBuildFile; fileRef = C3F5491C204A00AEF1A0111B /* ReactionView.swift */; };
		B45F1F9C5038C18B51C5DB5E /* WordSearchView.swift in Sources */ = {isa = PBXBuildFile; fileRef = 044438651F22D6E181F6334C /* WordSearchView.swift */; };
		B4963E0EC204B9122EC0E5CA /* SnakeView.swift in Sources */ = {isa = PBXBuildFile; fileRef = 72521707AB9FBFD4040EEE0F /* SnakeView.swift */; };
		B5988922F38EEB3F2801F13A /* OrbitView.swift in Sources */ = {isa = PBXBuildFile; fileRef = 67338CB12C182EA0F65F6DC5 /* OrbitView.swift */; };
		B6BA7BC54EA99C0F01C9271D /* WaterFlowView.swift in Sources */ = {isa = PBXBuildFile; fileRef = BDDE580CCE96149ACF3D3F79 /* WaterFlowView.swift */; };
		BCDB616091D3C86201AAF4B0 /* SolitaireView.swift in Sources */ = {isa = PBXBuildFile; fileRef = 484BA2273200578D11971151 /* SolitaireView.swift */; };
		BF5CB208682EE0F13AD57D58 /* AnagramView.swift in Sources */ = {isa = PBXBuildFile; fileRef = 86DA7CA2C04CE4B1EE33EE47 /* AnagramView.swift */; };
		BFAAA0A8E39625E810412C2B /* EscapeCodeView.swift in Sources */ = {isa = PBXBuildFile; fileRef = 92CB48CD4B9C1867671F6CD6 /* EscapeCodeView.swift */; };
		C0025C4A896046D7349DB09B /* PathFinderView.swift in Sources */ = {isa = PBXBuildFile; fileRef = 3A92477E48A214FC7A600A35 /* PathFinderView.swift */; };
		C237E01068F4E0EDD4E0480E /* TowerClimbView.swift in Sources */ = {isa = PBXBuildFile; fileRef = 20394564524AB5E56F379665 /* TowerClimbView.swift */; };
		C318C70492728322B86615BE /* PrimeFinderView.swift in Sources */ = {isa = PBXBuildFile; fileRef = 5B636827BE86ED4648FA4892 /* PrimeFinderView.swift */; };
		C75D8E2140DF7B4387484460 /* EmojiMatchView.swift in Sources */ = {isa = PBXBuildFile; fileRef = 4F29BBDC7B728789FD7C6147 /* EmojiMatchView.swift */; };
		C7E43F534C3BD2974328ABC9 /* TicTacToeView.swift in Sources */ = {isa = PBXBuildFile; fileRef = 72E3A72017F58E4DF50F7432 /* TicTacToeView.swift */; };
		CA9693310B19D88AE6C48CC8 /* HangmanView.swift in Sources */ = {isa = PBXBuildFile; fileRef = 1B4678DD42CC74EF95210A46 /* HangmanView.swift */; };
		D21BE490AFF1FE1FEC56E238 /* TrafficView.swift in Sources */ = {isa = PBXBuildFile; fileRef = A5ADAD7F7AD20524172ACF74 /* TrafficView.swift */; };
		D4DD880718AE43893EA2A03E /* BowlingView.swift in Sources */ = {isa = PBXBuildFile; fileRef = FE9BEFFF7529E1BD036C90A3 /* BowlingView.swift */; };
		D776AB1F4232CFA5BBE2298C /* CrossyHopView.swift in Sources */ = {isa = PBXBuildFile; fileRef = E1F30C1B7EA10C7865571AC2 /* CrossyHopView.swift */; };
		DA12E261E2DEACBEE7EB7B6D /* BubbleShooterView.swift in Sources */ = {isa = PBXBuildFile; fileRef = 2283A1FCFE919B6C6B1F203F /* BubbleShooterView.swift */; };
		E41C6AECD3927A6D82E29602 /* GamesHubApp.swift in Sources */ = {isa = PBXBuildFile; fileRef = 4E43B86251AF641F8FE062D4 /* GamesHubApp.swift */; };
		E63EF196CD6F82F676150B9E /* NumberMergeView.swift in Sources */ = {isa = PBXBuildFile; fileRef = A03204CB32610DF6E00728B9 /* NumberMergeView.swift */; };
		E73278CA30BFECD4FE704A22 /* PixelArtView.swift in Sources */ = {isa = PBXBuildFile; fileRef = 53A186A96E37081FE87AFFD3 /* PixelArtView.swift */; };
		E7DA7F735D116E0E5E710B8A /* Extensions.swift in Sources */ = {isa = PBXBuildFile; fileRef = 91D732393D2C353EC3697944 /* Extensions.swift */; };
		E8A06C4E3F441E3D1D1632F6 /* RunnerView.swift in Sources */ = {isa = PBXBuildFile; fileRef = EA9F7CE61DB842A45E6BC7E9 /* RunnerView.swift */; };
		EC23FB060E0300A99F50DC9E /* FlagQuizView.swift in Sources */ = {isa = PBXBuildFile; fileRef = 6B245CD2160CFEC9503B4B87 /* FlagQuizView.swift */; };
		EF91FFE64505F36899A62EE5 /* ContentView.swift in Sources */ = {isa = PBXBuildFile; fileRef = AD2707C340BE42169260F4E7 /* ContentView.swift */; };
		F263B21A918282A550E12AB2 /* TypeRaceView.swift in Sources */ = {isa = PBXBuildFile; fileRef = 7D20EDA51E73D273B7D5DDBE /* TypeRaceView.swift */; };
		FF2C2789ED0E203EF1938604 /* MazeView.swift in Sources */ = {isa = PBXBuildFile; fileRef = 74A15B7ADADC77253E489F54 /* MazeView.swift */; };
		FFE1A5DDC8D74228AEF22816 /* PinballView.swift in Sources */ = {isa = PBXBuildFile; fileRef = 0003426A82D3216D03166D0A /* PinballView.swift */; };
/* End PBXBuildFile section */

/* Begin PBXFileReference section */
		0003426A82D3216D03166D0A /* PinballView.swift */ = {isa = PBXFileReference; lastKnownFileType = sourcecode.swift; path = PinballView.swift; sourceTree = "<group>"; };
		02BA1425A5291F2B2408E671 /* LetterChainView.swift */ = {isa = PBXFileReference; lastKnownFileType = sourcecode.swift; path = LetterChainView.swift; sourceTree = "<group>"; };
		044438651F22D6E181F6334C /* WordSearchView.swift */ = {isa = PBXFileReference; lastKnownFileType = sourcecode.swift; path = WordSearchView.swift; sourceTree = "<group>"; };
		04E66AD9C25D898E4D17F33E /* ZenPainterView.swift */ = {isa = PBXFileReference; lastKnownFileType = sourcecode.swift; path = ZenPainterView.swift; sourceTree = "<group>"; };
		058A816F9DE5A119C07B2EDA /* StackerView.swift */ = {isa = PBXFileReference; lastKnownFileType = sourcecode.swift; path = StackerView.swift; sourceTree = "<group>"; };
		0B180E304C53A84634FADB3E /* SimonView.swift */ = {isa = PBXFileReference; lastKnownFileType = sourcecode.swift; path = SimonView.swift; sourceTree = "<group>"; };
		0B97FB141B86AFA0691782A8 /* BubblePopView.swift */ = {isa = PBXFileReference; lastKnownFileType = sourcecode.swift; path = BubblePopView.swift; sourceTree = "<group>"; };
		0C7BDE8FE0EFFE01601B10E4 /* CheckersView.swift */ = {isa = PBXFileReference; lastKnownFileType = sourcecode.swift; path = CheckersView.swift; sourceTree = "<group>"; };
		0E8E157E64FB775B70AD273C /* Info.plist */ = {isa = PBXFileReference; lastKnownFileType = text.plist; path = Info.plist; sourceTree = "<group>"; };
		1613694DBC0FDDF350988201 /* TowerHanoiView.swift */ = {isa = PBXFileReference; lastKnownFileType = sourcecode.swift; path = TowerHanoiView.swift; sourceTree = "<group>"; };
		19039C977D055B0E6BEB36F8 /* SpinTargetView.swift */ = {isa = PBXFileReference; lastKnownFileType = sourcecode.swift; path = SpinTargetView.swift; sourceTree = "<group>"; };
		197728545DB90EABC413EDC4 /* GolfPuttView.swift */ = {isa = PBXFileReference; lastKnownFileType = sourcecode.swift; path = GolfPuttView.swift; sourceTree = "<group>"; };
		1B4678DD42CC74EF95210A46 /* HangmanView.swift */ = {isa = PBXFileReference; lastKnownFileType = sourcecode.swift; path = HangmanView.swift; sourceTree = "<group>"; };
		1D80D8DBD069517D66875BDC /* ConnectFourView.swift */ = {isa = PBXFileReference; lastKnownFileType = sourcecode.swift; path = ConnectFourView.swift; sourceTree = "<group>"; };
		1EE96D8FC5AF852034D433D5 /* BlackjackView.swift */ = {isa = PBXFileReference; lastKnownFileType = sourcecode.swift; path = BlackjackView.swift; sourceTree = "<group>"; };
		1F88673DEE682A2ED46ECDE3 /* WhackView.swift */ = {isa = PBXFileReference; lastKnownFileType = sourcecode.swift; path = WhackView.swift; sourceTree = "<group>"; };
		20394564524AB5E56F379665 /* TowerClimbView.swift */ = {isa = PBXFileReference; lastKnownFileType = sourcecode.swift; path = TowerClimbView.swift; sourceTree = "<group>"; };
		2283A1FCFE919B6C6B1F203F /* BubbleShooterView.swift */ = {isa = PBXFileReference; lastKnownFileType = sourcecode.swift; path = BubbleShooterView.swift; sourceTree = "<group>"; };
		233BF7C19E80AA19B68CA404 /* FruitSliceView.swift */ = {isa = PBXFileReference; lastKnownFileType = sourcecode.swift; path = FruitSliceView.swift; sourceTree = "<group>"; };
		2876EF258186198E0D4AAE66 /* HighLowView.swift */ = {isa = PBXFileReference; lastKnownFileType = sourcecode.swift; path = HighLowView.swift; sourceTree = "<group>"; };
		2ACB7EFCE2A5D3A3B6A7344A /* BrickBlastView.swift */ = {isa = PBXFileReference; lastKnownFileType = sourcecode.swift; path = BrickBlastView.swift; sourceTree = "<group>"; };
		2E8881AC362CF9866B47ABCA /* WordChainView.swift */ = {isa = PBXFileReference; lastKnownFileType = sourcecode.swift; path = WordChainView.swift; sourceTree = "<group>"; };
		3394324632DC467B5C5369A4 /* AirHockeyView.swift */ = {isa = PBXFileReference; lastKnownFileType = sourcecode.swift; path = AirHockeyView.swift; sourceTree = "<group>"; };
		343FA4124F3E531C8AC54B58 /* GravityPuzzleView.swift */ = {isa = PBXFileReference; lastKnownFileType = sourcecode.swift; path = GravityPuzzleView.swift; sourceTree = "<group>"; };
		37916F9A6D52C0968082A9E5 /* BreakoutView.swift */ = {isa = PBXFileReference; lastKnownFileType = sourcecode.swift; path = BreakoutView.swift; sourceTree = "<group>"; };
		37F3A58413FECCFA4EE46D4F /* DodgeView.swift */ = {isa = PBXFileReference; lastKnownFileType = sourcecode.swift; path = DodgeView.swift; sourceTree = "<group>"; };
		394F854341B12C73F4CFE7C2 /* Match3View.swift */ = {isa = PBXFileReference; lastKnownFileType = sourcecode.swift; path = Match3View.swift; sourceTree = "<group>"; };
		3A92477E48A214FC7A600A35 /* PathFinderView.swift */ = {isa = PBXFileReference; lastKnownFileType = sourcecode.swift; path = PathFinderView.swift; sourceTree = "<group>"; };
		467F8FD27A47CC94436BE660 /* BlockPushView.swift */ = {isa = PBXFileReference; lastKnownFileType = sourcecode.swift; path = BlockPushView.swift; sourceTree = "<group>"; };
		47CF1B2B75F77DE0A1BA8492 /* RopeCutView.swift */ = {isa = PBXFileReference; lastKnownFileType = sourcecode.swift; path = RopeCutView.swift; sourceTree = "<group>"; };
		484BA2273200578D11971151 /* SolitaireView.swift */ = {isa = PBXFileReference; lastKnownFileType = sourcecode.swift; path = SolitaireView.swift; sourceTree = "<group>"; };
		4B4E71B8B6323507208D025A /* MemoryView.swift */ = {isa = PBXFileReference; lastKnownFileType = sourcecode.swift; path = MemoryView.swift; sourceTree = "<group>"; };
		4DCD68784593798F70E26939 /* CircuitView.swift */ = {isa = PBXFileReference; lastKnownFileType = sourcecode.swift; path = CircuitView.swift; sourceTree = "<group>"; };
		4E43B86251AF641F8FE062D4 /* GamesHubApp.swift */ = {isa = PBXFileReference; lastKnownFileType = sourcecode.swift; path = GamesHubApp.swift; sourceTree = "<group>"; };
		4F29BBDC7B728789FD7C6147 /* EmojiMatchView.swift */ = {isa = PBXFileReference; lastKnownFileType = sourcecode.swift; path = EmojiMatchView.swift; sourceTree = "<group>"; };
		50552630A8652644B2725F79 /* DungeonView.swift */ = {isa = PBXFileReference; lastKnownFileType = sourcecode.swift; path = DungeonView.swift; sourceTree = "<group>"; };
		53A186A96E37081FE87AFFD3 /* PixelArtView.swift */ = {isa = PBXFileReference; lastKnownFileType = sourcecode.swift; path = PixelArtView.swift; sourceTree = "<group>"; };
		56DF1C5390F9B197DB5AFC10 /* Assets.xcassets */ = {isa = PBXFileReference; lastKnownFileType = folder.assetcatalog; path = Assets.xcassets; sourceTree = "<group>"; };
		5B636827BE86ED4648FA4892 /* PrimeFinderView.swift */ = {isa = PBXFileReference; lastKnownFileType = sourcecode.swift; path = PrimeFinderView.swift; sourceTree = "<group>"; };
		5C820CB56BE2E13E6A3D6F98 /* ColorWaveView.swift */ = {isa = PBXFileReference; lastKnownFileType = sourcecode.swift; path = ColorWaveView.swift; sourceTree = "<group>"; };
		5DA4D43F790A9F8BCF8FE987 /* SokobanView.swift */ = {isa = PBXFileReference; lastKnownFileType = sourcecode.swift; path = SokobanView.swift; sourceTree = "<group>"; };
		5E7F2FA618A9612F6F9FF8DF /* ParkingView.swift */ = {isa = PBXFileReference; lastKnownFileType = sourcecode.swift; path = ParkingView.swift; sourceTree = "<group>"; };
		65CA415850680943D3C830E5 /* MinesweeperView.swift */ = {isa = PBXFileReference; lastKnownFileType = sourcecode.swift; path = MinesweeperView.swift; sourceTree = "<group>"; };
		661929F503397D73BE728CD1 /* ChainReactionView.swift */ = {isa = PBXFileReference; lastKnownFileType = sourcecode.swift; path = ChainReactionView.swift; sourceTree = "<group>"; };
		66F63272651DDB1F4D8D5B6D /* MagnetBallView.swift */ = {isa = PBXFileReference; lastKnownFileType = sourcecode.swift; path = MagnetBallView.swift; sourceTree = "<group>"; };
		67338CB12C182EA0F65F6DC5 /* OrbitView.swift */ = {isa = PBXFileReference; lastKnownFileType = sourcecode.swift; path = OrbitView.swift; sourceTree = "<group>"; };
		6A1D9BC66A43B7B9F8844582 /* JumperView.swift */ = {isa = PBXFileReference; lastKnownFileType = sourcecode.swift; path = JumperView.swift; sourceTree = "<group>"; };
		6A3EEF1F49BC3BF0CD338BCF /* ColorSortView.swift */ = {isa = PBXFileReference; lastKnownFileType = sourcecode.swift; path = ColorSortView.swift; sourceTree = "<group>"; };
		6B245CD2160CFEC9503B4B87 /* FlagQuizView.swift */ = {isa = PBXFileReference; lastKnownFileType = sourcecode.swift; path = FlagQuizView.swift; sourceTree = "<group>"; };
		72521707AB9FBFD4040EEE0F /* SnakeView.swift */ = {isa = PBXFileReference; lastKnownFileType = sourcecode.swift; path = SnakeView.swift; sourceTree = "<group>"; };
		72E3A72017F58E4DF50F7432 /* TicTacToeView.swift */ = {isa = PBXFileReference; lastKnownFileType = sourcecode.swift; path = TicTacToeView.swift; sourceTree = "<group>"; };
		738FB273C82735C4DAB84A8D /* DartsView.swift */ = {isa = PBXFileReference; lastKnownFileType = sourcecode.swift; path = DartsView.swift; sourceTree = "<group>"; };
		74A15B7ADADC77253E489F54 /* MazeView.swift */ = {isa = PBXFileReference; lastKnownFileType = sourcecode.swift; path = MazeView.swift; sourceTree = "<group>"; };
		7521B450B0BE326C64E1FE64 /* BalanceBallView.swift */ = {isa = PBXFileReference; lastKnownFileType = sourcecode.swift; path = BalanceBallView.swift; sourceTree = "<group>"; };
		763B140AC6D474D1DB073655 /* WordleView.swift */ = {isa = PBXFileReference; lastKnownFileType = sourcecode.swift; path = WordleView.swift; sourceTree = "<group>"; };
		78A1A6F42531E26F7CC3B5AE /* TriviaView.swift */ = {isa = PBXFileReference; lastKnownFileType = sourcecode.swift; path = TriviaView.swift; sourceTree = "<group>"; };
		79F3D2FD0FEB7AE6DF41B7AD /* CrosswordView.swift */ = {isa = PBXFileReference; lastKnownFileType = sourcecode.swift; path = CrosswordView.swift; sourceTree = "<group>"; };
		7B0D136997E651A2C8EB5C9E /* StackSortView.swift */ = {isa = PBXFileReference; lastKnownFileType = sourcecode.swift; path = StackSortView.swift; sourceTree = "<group>"; };
		7BA560421C4D14652B604A71 /* SlidingPuzzleView.swift */ = {isa = PBXFileReference; lastKnownFileType = sourcecode.swift; path = SlidingPuzzleView.swift; sourceTree = "<group>"; };
		7BB4DF37F97A5D3D05CEF242 /* FarkleView.swift */ = {isa = PBXFileReference; lastKnownFileType = sourcecode.swift; path = FarkleView.swift; sourceTree = "<group>"; };
		7D20EDA51E73D273B7D5DDBE /* TypeRaceView.swift */ = {isa = PBXFileReference; lastKnownFileType = sourcecode.swift; path = TypeRaceView.swift; sourceTree = "<group>"; };
		84164F9D7B1D62C0B9B5E46C /* ColorMatchView.swift */ = {isa = PBXFileReference; lastKnownFileType = sourcecode.swift; path = ColorMatchView.swift; sourceTree = "<group>"; };
		86585732DDA78DE02D71DC44 /* NumberFlowView.swift */ = {isa = PBXFileReference; lastKnownFileType = sourcecode.swift; path = NumberFlowView.swift; sourceTree = "<group>"; };
		86DA7CA2C04CE4B1EE33EE47 /* AnagramView.swift */ = {isa = PBXFileReference; lastKnownFileType = sourcecode.swift; path = AnagramView.swift; sourceTree = "<group>"; };
		8AC5C3DAFD94837C7CA70F2E /* AsteroidView.swift */ = {isa = PBXFileReference; lastKnownFileType = sourcecode.swift; path = AsteroidView.swift; sourceTree = "<group>"; };
		8BD8C2F018E6FAFD4A1F9488 /* MemorySeqView.swift */ = {isa = PBXFileReference; lastKnownFileType = sourcecode.swift; path = MemorySeqView.swift; sourceTree = "<group>"; };
		8E81DA314E81E64B604F7DE7 /* CatchFishView.swift */ = {isa = PBXFileReference; lastKnownFileType = sourcecode.swift; path = CatchFishView.swift; sourceTree = "<group>"; };
		8EDFA49039883A9D78496E00 /* FlickHoopsView.swift */ = {isa = PBXFileReference; lastKnownFileType = sourcecode.swift; path = FlickHoopsView.swift; sourceTree = "<group>"; };
		91D732393D2C353EC3697944 /* Extensions.swift */ = {isa = PBXFileReference; lastKnownFileType = sourcecode.swift; path = Extensions.swift; sourceTree = "<group>"; };
		92CB48CD4B9C1867671F6CD6 /* EscapeCodeView.swift */ = {isa = PBXFileReference; lastKnownFileType = sourcecode.swift; path = EscapeCodeView.swift; sourceTree = "<group>"; };
		97CA8006FEA88F04F0530596 /* DefenseView.swift */ = {isa = PBXFileReference; lastKnownFileType = sourcecode.swift; path = DefenseView.swift; sourceTree = "<group>"; };
		9C6E41FA73E4ECF58107D2BE /* FlipCardsView.swift */ = {isa = PBXFileReference; lastKnownFileType = sourcecode.swift; path = FlipCardsView.swift; sourceTree = "<group>"; };
		A03204CB32610DF6E00728B9 /* NumberMergeView.swift */ = {isa = PBXFileReference; lastKnownFileType = sourcecode.swift; path = NumberMergeView.swift; sourceTree = "<group>"; };
		A3B499A16015B2538C352484 /* ColorFloodView.swift */ = {isa = PBXFileReference; lastKnownFileType = sourcecode.swift; path = ColorFloodView.swift; sourceTree = "<group>"; };
		A5ADAD7F7AD20524172ACF74 /* TrafficView.swift */ = {isa = PBXFileReference; lastKnownFileType = sourcecode.swift; path = TrafficView.swift; sourceTree = "<group>"; };
		A60FDFDC5661B283EF5B15AF /* SandFallView.swift */ = {isa = PBXFileReference; lastKnownFileType = sourcecode.swift; path = SandFallView.swift; sourceTree = "<group>"; };
		ABF3593F15B9550494FB1F2A /* MathBlitzView.swift */ = {isa = PBXFileReference; lastKnownFileType = sourcecode.swift; path = MathBlitzView.swift; sourceTree = "<group>"; };
		AD2707C340BE42169260F4E7 /* ContentView.swift */ = {isa = PBXFileReference; lastKnownFileType = sourcecode.swift; path = ContentView.swift; sourceTree = "<group>"; };
		AE1DAF943DC101D621C89E7A /* PicCrossView.swift */ = {isa = PBXFileReference; lastKnownFileType = sourcecode.swift; path = PicCrossView.swift; sourceTree = "<group>"; };
		AECD5DE63EB670E1872A248E /* GravitySwitchView.swift */ = {isa = PBXFileReference; lastKnownFileType = sourcecode.swift; path = GravitySwitchView.swift; sourceTree = "<group>"; };
		BA64430CC58CAD28BF50F178 /* NonogramView.swift */ = {isa = PBXFileReference; lastKnownFileType = sourcecode.swift; path = NonogramView.swift; sourceTree = "<group>"; };
		BDDE580CCE96149ACF3D3F79 /* WaterFlowView.swift */ = {isa = PBXFileReference; lastKnownFileType = sourcecode.swift; path = WaterFlowView.swift; sourceTree = "<group>"; };
		BE6F335EB122909D5273879F /* Puzzle2048View.swift */ = {isa = PBXFileReference; lastKnownFileType = sourcecode.swift; path = Puzzle2048View.swift; sourceTree = "<group>"; };
		C1EA7C6852FF1A393265CFE2 /* ShadowMatchView.swift */ = {isa = PBXFileReference; lastKnownFileType = sourcecode.swift; path = ShadowMatchView.swift; sourceTree = "<group>"; };
		C3F5491C204A00AEF1A0111B /* ReactionView.swift */ = {isa = PBXFileReference; lastKnownFileType = sourcecode.swift; path = ReactionView.swift; sourceTree = "<group>"; };
		C4A662DF7BAB3A740C5EB630 /* RhythmTapView.swift */ = {isa = PBXFileReference; lastKnownFileType = sourcecode.swift; path = RhythmTapView.swift; sourceTree = "<group>"; };
		C719AFC6E397D68502738FEE /* LaserMirrorView.swift */ = {isa = PBXFileReference; lastKnownFileType = sourcecode.swift; path = LaserMirrorView.swift; sourceTree = "<group>"; };
		C757DCD9D81730E0FF94DA35 /* PongView.swift */ = {isa = PBXFileReference; lastKnownFileType = sourcecode.swift; path = PongView.swift; sourceTree = "<group>"; };
		C785DBD444FEC719F711C7E9 /* GamesHub.app */ = {isa = PBXFileReference; includeInIndex = 0; lastKnownFileType = wrapper.application; path = GamesHub.app; sourceTree = BUILT_PRODUCTS_DIR; };
		CAF6517165274BA3DD972D9A /* BeatClockView.swift */ = {isa = PBXFileReference; lastKnownFileType = sourcecode.swift; path = BeatClockView.swift; sourceTree = "<group>"; };
		CE018EF03585D6336D8F8B5E /* LightsOutView.swift */ = {isa = PBXFileReference; lastKnownFileType = sourcecode.swift; path = LightsOutView.swift; sourceTree = "<group>"; };
		D215B02F0492A1F472839D21 /* FlappyView.swift */ = {isa = PBXFileReference; lastKnownFileType = sourcecode.swift; path = FlappyView.swift; sourceTree = "<group>"; };
		D56BD96591291AAD2E4FA5F5 /* GemCatcherView.swift */ = {isa = PBXFileReference; lastKnownFileType = sourcecode.swift; path = GemCatcherView.swift; sourceTree = "<group>"; };
		D956F1135AA33A0C4BA61DA1 /* SpaceShooterView.swift */ = {isa = PBXFileReference; lastKnownFileType = sourcecode.swift; path = SpaceShooterView.swift; sourceTree = "<group>"; };
		DA122040A9D38601F32FB14B /* CodeBreakerView.swift */ = {isa = PBXFileReference; lastKnownFileType = sourcecode.swift; path = CodeBreakerView.swift; sourceTree = "<group>"; };
		DCA96E33B338A044A4706807 /* InfinityHopView.swift */ = {isa = PBXFileReference; lastKnownFileType = sourcecode.swift; path = InfinityHopView.swift; sourceTree = "<group>"; };
		DE857134E5D187170036FA85 /* SpotDiffView.swift */ = {isa = PBXFileReference; lastKnownFileType = sourcecode.swift; path = SpotDiffView.swift; sourceTree = "<group>"; };
		DEA0F5C0BFEC960BAF9299DE /* FinalGauntletView.swift */ = {isa = PBXFileReference; lastKnownFileType = sourcecode.swift; path = FinalGauntletView.swift; sourceTree = "<group>"; };
		E1F30C1B7EA10C7865571AC2 /* CrossyHopView.swift */ = {isa = PBXFileReference; lastKnownFileType = sourcecode.swift; path = CrossyHopView.swift; sourceTree = "<group>"; };
		E5E32AAD8AFE61423445751A /* BinaryGameView.swift */ = {isa = PBXFileReference; lastKnownFileType = sourcecode.swift; path = BinaryGameView.swift; sourceTree = "<group>"; };
		E6734E1CC1B17E349CA8C763 /* ArcheryView.swift */ = {isa = PBXFileReference; lastKnownFileType = sourcecode.swift; path = ArcheryView.swift; sourceTree = "<group>"; };
		E81FA351EF54731CBFC047C2 /* SudokuView.swift */ = {isa = PBXFileReference; lastKnownFileType = sourcecode.swift; path = SudokuView.swift; sourceTree = "<group>"; };
		EA9F7CE61DB842A45E6BC7E9 /* RunnerView.swift */ = {isa = PBXFileReference; lastKnownFileType = sourcecode.swift; path = RunnerView.swift; sourceTree = "<group>"; };
		F05420B79DE98D1EE483027B /* TetrisView.swift */ = {isa = PBXFileReference; lastKnownFileType = sourcecode.swift; path = TetrisView.swift; sourceTree = "<group>"; };
		F3272EF1B8E3EF51B620A095 /* PipeConnectView.swift */ = {isa = PBXFileReference; lastKnownFileType = sourcecode.swift; path = PipeConnectView.swift; sourceTree = "<group>"; };
		FE9BEFFF7529E1BD036C90A3 /* BowlingView.swift */ = {isa = PBXFileReference; lastKnownFileType = sourcecode.swift; path = BowlingView.swift; sourceTree = "<group>"; };
/* End PBXFileReference section */

/* Begin PBXGroup section */
		046D7358E0BFE05D620E1514 /* Asteroid */ = {
			isa = PBXGroup;
			children = (
				8AC5C3DAFD94837C7CA70F2E /* AsteroidView.swift */,
			);
			path = Asteroid;
			sourceTree = "<group>";
		};
		0871B31CA32C4D370F4EC200 /* Orbit */ = {
			isa = PBXGroup;
			children = (
				67338CB12C182EA0F65F6DC5 /* OrbitView.swift */,
			);
			path = Orbit;
			sourceTree = "<group>";
		};
		0A2F76E23DA272A6DD188F91 /* RopeCut */ = {
			isa = PBXGroup;
			children = (
				47CF1B2B75F77DE0A1BA8492 /* RopeCutView.swift */,
			);
			path = RopeCut;
			sourceTree = "<group>";
		};
		0AD57C77F09DFE3241965FB7 /* CatchFish */ = {
			isa = PBXGroup;
			children = (
				8E81DA314E81E64B604F7DE7 /* CatchFishView.swift */,
			);
			path = CatchFish;
			sourceTree = "<group>";
		};
		0B3CCC9927AA933FAE73FCD2 /* Archery */ = {
			isa = PBXGroup;
			children = (
				E6734E1CC1B17E349CA8C763 /* ArcheryView.swift */,
			);
			path = Archery;
			sourceTree = "<group>";
		};
		0E58F228E657A8CBEE2B6E65 /* GolfPutt */ = {
			isa = PBXGroup;
			children = (
				197728545DB90EABC413EDC4 /* GolfPuttView.swift */,
			);
			path = GolfPutt;
			sourceTree = "<group>";
		};
		0ECC59BD99BE06109ACDC025 /* BubbleShooter */ = {
			isa = PBXGroup;
			children = (
				2283A1FCFE919B6C6B1F203F /* BubbleShooterView.swift */,
			);
			path = BubbleShooter;
			sourceTree = "<group>";
		};
		10F2A1DBA7DB63FCDB72FB76 /* Crossword */ = {
			isa = PBXGroup;
			children = (
				79F3D2FD0FEB7AE6DF41B7AD /* CrosswordView.swift */,
			);
			path = Crossword;
			sourceTree = "<group>";
		};
		11F274E07083D06A215C0EE6 /* Stacker */ = {
			isa = PBXGroup;
			children = (
				058A816F9DE5A119C07B2EDA /* StackerView.swift */,
			);
			path = Stacker;
			sourceTree = "<group>";
		};
		1256F5E8F47532EFE9CC706C /* Sudoku */ = {
			isa = PBXGroup;
			children = (
				E81FA351EF54731CBFC047C2 /* SudokuView.swift */,
			);
			path = Sudoku;
			sourceTree = "<group>";
		};
		151287C28E24695405B978E4 /* BeatClock */ = {
			isa = PBXGroup;
			children = (
				CAF6517165274BA3DD972D9A /* BeatClockView.swift */,
			);
			path = BeatClock;
			sourceTree = "<group>";
		};
		168B1992492806067BE9AAF5 /* PrimeFinder */ = {
			isa = PBXGroup;
			children = (
				5B636827BE86ED4648FA4892 /* PrimeFinderView.swift */,
			);
			path = PrimeFinder;
			sourceTree = "<group>";
		};
		193CACF608794C56185FD53A /* PipeConnect */ = {
			isa = PBXGroup;
			children = (
				F3272EF1B8E3EF51B620A095 /* PipeConnectView.swift */,
			);
			path = PipeConnect;
			sourceTree = "<group>";
		};
		195F217848FA4535EFCD7E35 /* EmojiMatch */ = {
			isa = PBXGroup;
			children = (
				4F29BBDC7B728789FD7C6147 /* EmojiMatchView.swift */,
			);
			path = EmojiMatch;
			sourceTree = "<group>";
		};
		1B10A51DCBFB685C388CFA5E /* SpaceShooter */ = {
			isa = PBXGroup;
			children = (
				D956F1135AA33A0C4BA61DA1 /* SpaceShooterView.swift */,
			);
			path = SpaceShooter;
			sourceTree = "<group>";
		};
		1E1B8F7C6D204E5C820BFC3B /* Whack */ = {
			isa = PBXGroup;
			children = (
				1F88673DEE682A2ED46ECDE3 /* WhackView.swift */,
			);
			path = Whack;
			sourceTree = "<group>";
		};
		1F5060264EB3802391A89787 /* Runner */ = {
			isa = PBXGroup;
			children = (
				EA9F7CE61DB842A45E6BC7E9 /* RunnerView.swift */,
			);
			path = Runner;
			sourceTree = "<group>";
		};
		22D1B5DEB15763D5C602C264 /* MagnetBall */ = {
			isa = PBXGroup;
			children = (
				66F63272651DDB1F4D8D5B6D /* MagnetBallView.swift */,
			);
			path = MagnetBall;
			sourceTree = "<group>";
		};
		280620DAB3AFAC001C90469C /* PicCross */ = {
			isa = PBXGroup;
			children = (
				AE1DAF943DC101D621C89E7A /* PicCrossView.swift */,
			);
			path = PicCross;
			sourceTree = "<group>";
		};
		2A050BDED91E0BE5A2F69F37 /* Flappy */ = {
			isa = PBXGroup;
			children = (
				D215B02F0492A1F472839D21 /* FlappyView.swift */,
			);
			path = Flappy;
			sourceTree = "<group>";
		};
		2C061BDC550EBDDB43A63E83 /* Wordle */ = {
			isa = PBXGroup;
			children = (
				763B140AC6D474D1DB073655 /* WordleView.swift */,
			);
			path = Wordle;
			sourceTree = "<group>";
		};
		2E3B9264F7643429AB0C4D98 /* BalanceBall */ = {
			isa = PBXGroup;
			children = (
				7521B450B0BE326C64E1FE64 /* BalanceBallView.swift */,
			);
			path = BalanceBall;
			sourceTree = "<group>";
		};
		2EB13F2CD9A7295BC6A0D6D9 /* RhythmTap */ = {
			isa = PBXGroup;
			children = (
				C4A662DF7BAB3A740C5EB630 /* RhythmTapView.swift */,
			);
			path = RhythmTap;
			sourceTree = "<group>";
		};
		34D0FFE09D110015D832A819 /* InfinityHop */ = {
			isa = PBXGroup;
			children = (
				DCA96E33B338A044A4706807 /* InfinityHopView.swift */,
			);
			path = InfinityHop;
			sourceTree = "<group>";
		};
		353CB7206EE984D022C2F695 /* WaterFlow */ = {
			isa = PBXGroup;
			children = (
				BDDE580CCE96149ACF3D3F79 /* WaterFlowView.swift */,
			);
			path = WaterFlow;
			sourceTree = "<group>";
		};
		36DC8CBF678E986717FCA232 /* LightsOut */ = {
			isa = PBXGroup;
			children = (
				CE018EF03585D6336D8F8B5E /* LightsOutView.swift */,
			);
			path = LightsOut;
			sourceTree = "<group>";
		};
		39F483CAD79A733FA8E828E3 /* GravitySwitch */ = {
			isa = PBXGroup;
			children = (
				AECD5DE63EB670E1872A248E /* GravitySwitchView.swift */,
			);
			path = GravitySwitch;
			sourceTree = "<group>";
		};
		3B2D468EC890E8EA4DA9145C /* Circuit */ = {
			isa = PBXGroup;
			children = (
				4DCD68784593798F70E26939 /* CircuitView.swift */,
			);
			path = Circuit;
			sourceTree = "<group>";
		};
		3DA16ADB0E14AAC10182B929 /* LaserMirror */ = {
			isa = PBXGroup;
			children = (
				C719AFC6E397D68502738FEE /* LaserMirrorView.swift */,
			);
			path = LaserMirror;
			sourceTree = "<group>";
		};
		3F0099046E9C8EDC380010DA /* Maze */ = {
			isa = PBXGroup;
			children = (
				74A15B7ADADC77253E489F54 /* MazeView.swift */,
			);
			path = Maze;
			sourceTree = "<group>";
		};
		402EC2A067FB058F9CCC271F /* Darts */ = {
			isa = PBXGroup;
			children = (
				738FB273C82735C4DAB84A8D /* DartsView.swift */,
			);
			path = Darts;
			sourceTree = "<group>";
		};
		4686075D4B95801BAD06CBD9 /* FlagQuiz */ = {
			isa = PBXGroup;
			children = (
				6B245CD2160CFEC9503B4B87 /* FlagQuizView.swift */,
			);
			path = FlagQuiz;
			sourceTree = "<group>";
		};
		46998D1CF041CC3F8035752B /* ColorFlood */ = {
			isa = PBXGroup;
			children = (
				A3B499A16015B2538C352484 /* ColorFloodView.swift */,
			);
			path = ColorFlood;
			sourceTree = "<group>";
		};
		4BF70673B2F6BABB64B4D468 /* SandFall */ = {
			isa = PBXGroup;
			children = (
				A60FDFDC5661B283EF5B15AF /* SandFallView.swift */,
			);
			path = SandFall;
			sourceTree = "<group>";
		};
		4C0AA3135A68C2E81A373573 /* Nonogram */ = {
			isa = PBXGroup;
			children = (
				BA64430CC58CAD28BF50F178 /* NonogramView.swift */,
			);
			path = Nonogram;
			sourceTree = "<group>";
		};
		4D40BF8E50D3839C714D792D /* TowerHanoi */ = {
			isa = PBXGroup;
			children = (
				1613694DBC0FDDF350988201 /* TowerHanoiView.swift */,
			);
			path = TowerHanoi;
			sourceTree = "<group>";
		};
		503AD88477CE9D7B46AEFBA6 /* SpinTarget */ = {
			isa = PBXGroup;
			children = (
				19039C977D055B0E6BEB36F8 /* SpinTargetView.swift */,
			);
			path = SpinTarget;
			sourceTree = "<group>";
		};
		58CFFE60D50B950227D7947F /* NumberFlow */ = {
			isa = PBXGroup;
			children = (
				86585732DDA78DE02D71DC44 /* NumberFlowView.swift */,
			);
			path = NumberFlow;
			sourceTree = "<group>";
		};
		5A3CD1B5547F13500EA3B66C /* Games */ = {
			isa = PBXGroup;
			children = (
				9D821C0AC8F4797750684E4E /* AirHockey */,
				84F55347D55F61B450E44DFB /* Anagram */,
				0B3CCC9927AA933FAE73FCD2 /* Archery */,
				046D7358E0BFE05D620E1514 /* Asteroid */,
				2E3B9264F7643429AB0C4D98 /* BalanceBall */,
				151287C28E24695405B978E4 /* BeatClock */,
				E601D661B95E416986CF4ABD /* BinaryGame */,
				67F91A9C7F855D9547693105 /* Blackjack */,
				8D1D0A2F2CE74492C9FFEED1 /* BlockPush */,
				90F42E69DE0D05ED71577368 /* Bowling */,
				8EEAEC728D4EF5C1084BF73D /* Breakout */,
				7368985A798CF1F7A0F9DF30 /* BrickBlast */,
				67AA2FFBF9DBE875FDFE560E /* BubblePop */,
				0ECC59BD99BE06109ACDC025 /* BubbleShooter */,
				0AD57C77F09DFE3241965FB7 /* CatchFish */,
				979EEF27F01469C6B2A94BAF /* ChainReaction */,
				CAB263EA513CCC247EBE90E5 /* Checkers */,
				3B2D468EC890E8EA4DA9145C /* Circuit */,
				C133A35E1CFC8B41B8BAF4EF /* CodeBreaker */,
				46998D1CF041CC3F8035752B /* ColorFlood */,
				8323431A0A72D357E8DA0ADD /* ColorMatch */,
				7FAA6097DE1CE7E19449FC6E /* ColorSort */,
				AE0087A4D738AE10DF5C1173 /* ColorWave */,
				A07BC534913CE39023C1F997 /* ConnectFour */,
				10F2A1DBA7DB63FCDB72FB76 /* Crossword */,
				77B2B52F079D5ADC5432E44B /* CrossyHop */,
				402EC2A067FB058F9CCC271F /* Darts */,
				7ACBDBE0378A89F83E476D6C /* Defense */,
				90DF39D499A10C3551E7F0CE /* Dodge */,
				CAEA36C36C69121B2B80A413 /* Dungeon */,
				195F217848FA4535EFCD7E35 /* EmojiMatch */,
				96CB99E0EFEC0DAA18895344 /* EscapeCode */,
				8F6A9CBF75F354991C57DE1C /* Farkle */,
				95D462D1CB6E2F33B69B3E7F /* FinalGauntlet */,
				4686075D4B95801BAD06CBD9 /* FlagQuiz */,
				2A050BDED91E0BE5A2F69F37 /* Flappy */,
				71F9213E77A6B5B8E4263986 /* FlickHoops */,
				ABA03E8E8344BAE49CEA2B2A /* FlipCards */,
				96776F4271A834DB0808096E /* FruitSlice */,
				BF33E8AB9E0FB55A9D26DFCA /* GemCatcher */,
				0E58F228E657A8CBEE2B6E65 /* GolfPutt */,
				A4B699F7F718AC4E820A0F67 /* GravityPuzzle */,
				39F483CAD79A733FA8E828E3 /* GravitySwitch */,
				DF339516CEBE4740FF7C8554 /* Hangman */,
				AAB057785EF8DF3DC64661D3 /* HighLow */,
				34D0FFE09D110015D832A819 /* InfinityHop */,
				84E1209D4A8DDEA4814B9147 /* Jumper */,
				3DA16ADB0E14AAC10182B929 /* LaserMirror */,
				A8E16E6C2310073DDBDA6813 /* LetterChain */,
				36DC8CBF678E986717FCA232 /* LightsOut */,
				22D1B5DEB15763D5C602C264 /* MagnetBall */,
				85181904DF56C12BDC35DC88 /* Match3 */,
				6285C18D19F248A17348B15B /* MathBlitz */,
				3F0099046E9C8EDC380010DA /* Maze */,
				D67622973A47FC418378EF59 /* Memory */,
				CF77929B1CB8F32E44C77D30 /* MemorySeq */,
				D227FA88F3EDA063D6C52614 /* Minesweeper */,
				4C0AA3135A68C2E81A373573 /* Nonogram */,
				58CFFE60D50B950227D7947F /* NumberFlow */,
				67F87960FF46604DF0E295C4 /* NumberMerge */,
				0871B31CA32C4D370F4EC200 /* Orbit */,
				D32E416F62AEF646343A92AE /* Parking */,
				852692A74835A08AB4016E7F /* PathFinder */,
				280620DAB3AFAC001C90469C /* PicCross */,
				E00EC721B585FE5DB2636AC8 /* Pinball */,
				193CACF608794C56185FD53A /* PipeConnect */,
				E726B12B23E5A38685E55CA0 /* PixelArt */,
				C7116E8C691F7A83258B4EE5 /* Pong */,
				168B1992492806067BE9AAF5 /* PrimeFinder */,
				E857D829DE6EC655E544BEE7 /* Puzzle2048 */,
				97796397663CBA301C9756ED /* Reaction */,
				2EB13F2CD9A7295BC6A0D6D9 /* RhythmTap */,
				0A2F76E23DA272A6DD188F91 /* RopeCut */,
				1F5060264EB3802391A89787 /* Runner */,
				4BF70673B2F6BABB64B4D468 /* SandFall */,
				6A554155B0762580281919A5 /* ShadowMatch */,
				9B63065F574FCBC5376ADCB7 /* Simon */,
				9F5DBECD9D79886F258E148F /* SlidingPuzzle */,
				88D57FDE70A5C30EAFB99A34 /* Snake */,
				9ED25BAD012285B0B87F45DE /* Sokoban */,
				DD67849F0CE28C636BC1F1A1 /* Solitaire */,
				1B10A51DCBFB685C388CFA5E /* SpaceShooter */,
				503AD88477CE9D7B46AEFBA6 /* SpinTarget */,
				B6F26CFFFA80C9E6A934A4AF /* SpotDiff */,
				11F274E07083D06A215C0EE6 /* Stacker */,
				9BE4698CD8B590C7513A375E /* StackSort */,
				1256F5E8F47532EFE9CC706C /* Sudoku */,
				F23DED8BC786F1FC1A8EE8EE /* Tetris */,
				9A4FAE814A5F2FA16DEEE494 /* TicTacToe */,
				E414A97D56418E9F8AC999E9 /* TowerClimb */,
				4D40BF8E50D3839C714D792D /* TowerHanoi */,
				6CA427E7DCFF3ACC06BC0EFC /* Traffic */,
				9CB2D6528D8F8FF516F4EBE3 /* Trivia */,
				982E01B06486B2303993F691 /* TypeRace */,
				353CB7206EE984D022C2F695 /* WaterFlow */,
				1E1B8F7C6D204E5C820BFC3B /* Whack */,
				E42131C1F5E1F8BB4199E42A /* WordChain */,
				2C061BDC550EBDDB43A63E83 /* Wordle */,
				BB1EFF8F25BE5419580C0B64 /* WordSearch */,
				6BDB20766FE98850D3F766CA /* ZenPainter */,
			);
			path = Games;
			sourceTree = "<group>";
		};
		6285C18D19F248A17348B15B /* MathBlitz */ = {
			isa = PBXGroup;
			children = (
				ABF3593F15B9550494FB1F2A /* MathBlitzView.swift */,
			);
			path = MathBlitz;
			sourceTree = "<group>";
		};
		67AA2FFBF9DBE875FDFE560E /* BubblePop */ = {
			isa = PBXGroup;
			children = (
				0B97FB141B86AFA0691782A8 /* BubblePopView.swift */,
			);
			path = BubblePop;
			sourceTree = "<group>";
		};
		67F87960FF46604DF0E295C4 /* NumberMerge */ = {
			isa = PBXGroup;
			children = (
				A03204CB32610DF6E00728B9 /* NumberMergeView.swift */,
			);
			path = NumberMerge;
			sourceTree = "<group>";
		};
		67F91A9C7F855D9547693105 /* Blackjack */ = {
			isa = PBXGroup;
			children = (
				1EE96D8FC5AF852034D433D5 /* BlackjackView.swift */,
			);
			path = Blackjack;
			sourceTree = "<group>";
		};
		6A554155B0762580281919A5 /* ShadowMatch */ = {
			isa = PBXGroup;
			children = (
				C1EA7C6852FF1A393265CFE2 /* ShadowMatchView.swift */,
			);
			path = ShadowMatch;
			sourceTree = "<group>";
		};
		6BDB20766FE98850D3F766CA /* ZenPainter */ = {
			isa = PBXGroup;
			children = (
				04E66AD9C25D898E4D17F33E /* ZenPainterView.swift */,
			);
			path = ZenPainter;
			sourceTree = "<group>";
		};
		6CA427E7DCFF3ACC06BC0EFC /* Traffic */ = {
			isa = PBXGroup;
			children = (
				A5ADAD7F7AD20524172ACF74 /* TrafficView.swift */,
			);
			path = Traffic;
			sourceTree = "<group>";
		};
		71F9213E77A6B5B8E4263986 /* FlickHoops */ = {
			isa = PBXGroup;
			children = (
				8EDFA49039883A9D78496E00 /* FlickHoopsView.swift */,
			);
			path = FlickHoops;
			sourceTree = "<group>";
		};
		7368985A798CF1F7A0F9DF30 /* BrickBlast */ = {
			isa = PBXGroup;
			children = (
				2ACB7EFCE2A5D3A3B6A7344A /* BrickBlastView.swift */,
			);
			path = BrickBlast;
			sourceTree = "<group>";
		};
		77B2B52F079D5ADC5432E44B /* CrossyHop */ = {
			isa = PBXGroup;
			children = (
				E1F30C1B7EA10C7865571AC2 /* CrossyHopView.swift */,
			);
			path = CrossyHop;
			sourceTree = "<group>";
		};
		7ACBDBE0378A89F83E476D6C /* Defense */ = {
			isa = PBXGroup;
			children = (
				97CA8006FEA88F04F0530596 /* DefenseView.swift */,
			);
			path = Defense;
			sourceTree = "<group>";
		};
		7FAA6097DE1CE7E19449FC6E /* ColorSort */ = {
			isa = PBXGroup;
			children = (
				6A3EEF1F49BC3BF0CD338BCF /* ColorSortView.swift */,
			);
			path = ColorSort;
			sourceTree = "<group>";
		};
		8323431A0A72D357E8DA0ADD /* ColorMatch */ = {
			isa = PBXGroup;
			children = (
				84164F9D7B1D62C0B9B5E46C /* ColorMatchView.swift */,
			);
			path = ColorMatch;
			sourceTree = "<group>";
		};
		84E1209D4A8DDEA4814B9147 /* Jumper */ = {
			isa = PBXGroup;
			children = (
				6A1D9BC66A43B7B9F8844582 /* JumperView.swift */,
			);
			path = Jumper;
			sourceTree = "<group>";
		};
		84F55347D55F61B450E44DFB /* Anagram */ = {
			isa = PBXGroup;
			children = (
				86DA7CA2C04CE4B1EE33EE47 /* AnagramView.swift */,
			);
			path = Anagram;
			sourceTree = "<group>";
		};
		85181904DF56C12BDC35DC88 /* Match3 */ = {
			isa = PBXGroup;
			children = (
				394F854341B12C73F4CFE7C2 /* Match3View.swift */,
			);
			path = Match3;
			sourceTree = "<group>";
		};
		852692A74835A08AB4016E7F /* PathFinder */ = {
			isa = PBXGroup;
			children = (
				3A92477E48A214FC7A600A35 /* PathFinderView.swift */,
			);
			path = PathFinder;
			sourceTree = "<group>";
		};
		88D57FDE70A5C30EAFB99A34 /* Snake */ = {
			isa = PBXGroup;
			children = (
				72521707AB9FBFD4040EEE0F /* SnakeView.swift */,
			);
			path = Snake;
			sourceTree = "<group>";
		};
		88FD3C13D404B3B53ECBF85E = {
			isa = PBXGroup;
			children = (
				E7A581AE3E64FC112A2FFC6D /* GamesHub */,
				ED23B2B32405801C8D8FBBF9 /* Products */,
			);
			sourceTree = "<group>";
		};
		8D1D0A2F2CE74492C9FFEED1 /* BlockPush */ = {
			isa = PBXGroup;
			children = (
				467F8FD27A47CC94436BE660 /* BlockPushView.swift */,
			);
			path = BlockPush;
			sourceTree = "<group>";
		};
		8EEAEC728D4EF5C1084BF73D /* Breakout */ = {
			isa = PBXGroup;
			children = (
				37916F9A6D52C0968082A9E5 /* BreakoutView.swift */,
			);
			path = Breakout;
			sourceTree = "<group>";
		};
		8F6A9CBF75F354991C57DE1C /* Farkle */ = {
			isa = PBXGroup;
			children = (
				7BB4DF37F97A5D3D05CEF242 /* FarkleView.swift */,
			);
			path = Farkle;
			sourceTree = "<group>";
		};
		90DF39D499A10C3551E7F0CE /* Dodge */ = {
			isa = PBXGroup;
			children = (
				37F3A58413FECCFA4EE46D4F /* DodgeView.swift */,
			);
			path = Dodge;
			sourceTree = "<group>";
		};
		90F42E69DE0D05ED71577368 /* Bowling */ = {
			isa = PBXGroup;
			children = (
				FE9BEFFF7529E1BD036C90A3 /* BowlingView.swift */,
			);
			path = Bowling;
			sourceTree = "<group>";
		};
		95D462D1CB6E2F33B69B3E7F /* FinalGauntlet */ = {
			isa = PBXGroup;
			children = (
				DEA0F5C0BFEC960BAF9299DE /* FinalGauntletView.swift */,
			);
			path = FinalGauntlet;
			sourceTree = "<group>";
		};
		96776F4271A834DB0808096E /* FruitSlice */ = {
			isa = PBXGroup;
			children = (
				233BF7C19E80AA19B68CA404 /* FruitSliceView.swift */,
			);
			path = FruitSlice;
			sourceTree = "<group>";
		};
		96CB99E0EFEC0DAA18895344 /* EscapeCode */ = {
			isa = PBXGroup;
			children = (
				92CB48CD4B9C1867671F6CD6 /* EscapeCodeView.swift */,
			);
			path = EscapeCode;
			sourceTree = "<group>";
		};
		97796397663CBA301C9756ED /* Reaction */ = {
			isa = PBXGroup;
			children = (
				C3F5491C204A00AEF1A0111B /* ReactionView.swift */,
			);
			path = Reaction;
			sourceTree = "<group>";
		};
		979EEF27F01469C6B2A94BAF /* ChainReaction */ = {
			isa = PBXGroup;
			children = (
				661929F503397D73BE728CD1 /* ChainReactionView.swift */,
			);
			path = ChainReaction;
			sourceTree = "<group>";
		};
		982E01B06486B2303993F691 /* TypeRace */ = {
			isa = PBXGroup;
			children = (
				7D20EDA51E73D273B7D5DDBE /* TypeRaceView.swift */,
			);
			path = TypeRace;
			sourceTree = "<group>";
		};
		9A4FAE814A5F2FA16DEEE494 /* TicTacToe */ = {
			isa = PBXGroup;
			children = (
				72E3A72017F58E4DF50F7432 /* TicTacToeView.swift */,
			);
			path = TicTacToe;
			sourceTree = "<group>";
		};
		9B63065F574FCBC5376ADCB7 /* Simon */ = {
			isa = PBXGroup;
			children = (
				0B180E304C53A84634FADB3E /* SimonView.swift */,
			);
			path = Simon;
			sourceTree = "<group>";
		};
		9BE4698CD8B590C7513A375E /* StackSort */ = {
			isa = PBXGroup;
			children = (
				7B0D136997E651A2C8EB5C9E /* StackSortView.swift */,
			);
			path = StackSort;
			sourceTree = "<group>";
		};
		9CB2D6528D8F8FF516F4EBE3 /* Trivia */ = {
			isa = PBXGroup;
			children = (
				78A1A6F42531E26F7CC3B5AE /* TriviaView.swift */,
			);
			path = Trivia;
			sourceTree = "<group>";
		};
		9D821C0AC8F4797750684E4E /* AirHockey */ = {
			isa = PBXGroup;
			children = (
				3394324632DC467B5C5369A4 /* AirHockeyView.swift */,
			);
			path = AirHockey;
			sourceTree = "<group>";
		};
		9ED25BAD012285B0B87F45DE /* Sokoban */ = {
			isa = PBXGroup;
			children = (
				5DA4D43F790A9F8BCF8FE987 /* SokobanView.swift */,
			);
			path = Sokoban;
			sourceTree = "<group>";
		};
		9F5DBECD9D79886F258E148F /* SlidingPuzzle */ = {
			isa = PBXGroup;
			children = (
				7BA560421C4D14652B604A71 /* SlidingPuzzleView.swift */,
			);
			path = SlidingPuzzle;
			sourceTree = "<group>";
		};
		A07BC534913CE39023C1F997 /* ConnectFour */ = {
			isa = PBXGroup;
			children = (
				1D80D8DBD069517D66875BDC /* ConnectFourView.swift */,
			);
			path = ConnectFour;
			sourceTree = "<group>";
		};
		A4B699F7F718AC4E820A0F67 /* GravityPuzzle */ = {
			isa = PBXGroup;
			children = (
				343FA4124F3E531C8AC54B58 /* GravityPuzzleView.swift */,
			);
			path = GravityPuzzle;
			sourceTree = "<group>";
		};
		A8E16E6C2310073DDBDA6813 /* LetterChain */ = {
			isa = PBXGroup;
			children = (
				02BA1425A5291F2B2408E671 /* LetterChainView.swift */,
			);
			path = LetterChain;
			sourceTree = "<group>";
		};
		AAB057785EF8DF3DC64661D3 /* HighLow */ = {
			isa = PBXGroup;
			children = (
				2876EF258186198E0D4AAE66 /* HighLowView.swift */,
			);
			path = HighLow;
			sourceTree = "<group>";
		};
		ABA03E8E8344BAE49CEA2B2A /* FlipCards */ = {
			isa = PBXGroup;
			children = (
				9C6E41FA73E4ECF58107D2BE /* FlipCardsView.swift */,
			);
			path = FlipCards;
			sourceTree = "<group>";
		};
		AE0087A4D738AE10DF5C1173 /* ColorWave */ = {
			isa = PBXGroup;
			children = (
				5C820CB56BE2E13E6A3D6F98 /* ColorWaveView.swift */,
			);
			path = ColorWave;
			sourceTree = "<group>";
		};
		B6F26CFFFA80C9E6A934A4AF /* SpotDiff */ = {
			isa = PBXGroup;
			children = (
				DE857134E5D187170036FA85 /* SpotDiffView.swift */,
			);
			path = SpotDiff;
			sourceTree = "<group>";
		};
		BB1EFF8F25BE5419580C0B64 /* WordSearch */ = {
			isa = PBXGroup;
			children = (
				044438651F22D6E181F6334C /* WordSearchView.swift */,
			);
			path = WordSearch;
			sourceTree = "<group>";
		};
		BF33E8AB9E0FB55A9D26DFCA /* GemCatcher */ = {
			isa = PBXGroup;
			children = (
				D56BD96591291AAD2E4FA5F5 /* GemCatcherView.swift */,
			);
			path = GemCatcher;
			sourceTree = "<group>";
		};
		C133A35E1CFC8B41B8BAF4EF /* CodeBreaker */ = {
			isa = PBXGroup;
			children = (
				DA122040A9D38601F32FB14B /* CodeBreakerView.swift */,
			);
			path = CodeBreaker;
			sourceTree = "<group>";
		};
		C7116E8C691F7A83258B4EE5 /* Pong */ = {
			isa = PBXGroup;
			children = (
				C757DCD9D81730E0FF94DA35 /* PongView.swift */,
			);
			path = Pong;
			sourceTree = "<group>";
		};
		CAB263EA513CCC247EBE90E5 /* Checkers */ = {
			isa = PBXGroup;
			children = (
				0C7BDE8FE0EFFE01601B10E4 /* CheckersView.swift */,
			);
			path = Checkers;
			sourceTree = "<group>";
		};
		CAEA36C36C69121B2B80A413 /* Dungeon */ = {
			isa = PBXGroup;
			children = (
				50552630A8652644B2725F79 /* DungeonView.swift */,
			);
			path = Dungeon;
			sourceTree = "<group>";
		};
		CF77929B1CB8F32E44C77D30 /* MemorySeq */ = {
			isa = PBXGroup;
			children = (
				8BD8C2F018E6FAFD4A1F9488 /* MemorySeqView.swift */,
			);
			path = MemorySeq;
			sourceTree = "<group>";
		};
		D227FA88F3EDA063D6C52614 /* Minesweeper */ = {
			isa = PBXGroup;
			children = (
				65CA415850680943D3C830E5 /* MinesweeperView.swift */,
			);
			path = Minesweeper;
			sourceTree = "<group>";
		};
		D32E416F62AEF646343A92AE /* Parking */ = {
			isa = PBXGroup;
			children = (
				5E7F2FA618A9612F6F9FF8DF /* ParkingView.swift */,
			);
			path = Parking;
			sourceTree = "<group>";
		};
		D67622973A47FC418378EF59 /* Memory */ = {
			isa = PBXGroup;
			children = (
				4B4E71B8B6323507208D025A /* MemoryView.swift */,
			);
			path = Memory;
			sourceTree = "<group>";
		};
		DD67849F0CE28C636BC1F1A1 /* Solitaire */ = {
			isa = PBXGroup;
			children = (
				484BA2273200578D11971151 /* SolitaireView.swift */,
			);
			path = Solitaire;
			sourceTree = "<group>";
		};
		DF339516CEBE4740FF7C8554 /* Hangman */ = {
			isa = PBXGroup;
			children = (
				1B4678DD42CC74EF95210A46 /* HangmanView.swift */,
			);
			path = Hangman;
			sourceTree = "<group>";
		};
		E00EC721B585FE5DB2636AC8 /* Pinball */ = {
			isa = PBXGroup;
			children = (
				0003426A82D3216D03166D0A /* PinballView.swift */,
			);
			path = Pinball;
			sourceTree = "<group>";
		};
		E414A97D56418E9F8AC999E9 /* TowerClimb */ = {
			isa = PBXGroup;
			children = (
				20394564524AB5E56F379665 /* TowerClimbView.swift */,
			);
			path = TowerClimb;
			sourceTree = "<group>";
		};
		E42131C1F5E1F8BB4199E42A /* WordChain */ = {
			isa = PBXGroup;
			children = (
				2E8881AC362CF9866B47ABCA /* WordChainView.swift */,
			);
			path = WordChain;
			sourceTree = "<group>";
		};
		E601D661B95E416986CF4ABD /* BinaryGame */ = {
			isa = PBXGroup;
			children = (
				E5E32AAD8AFE61423445751A /* BinaryGameView.swift */,
			);
			path = BinaryGame;
			sourceTree = "<group>";
		};
		E726B12B23E5A38685E55CA0 /* PixelArt */ = {
			isa = PBXGroup;
			children = (
				53A186A96E37081FE87AFFD3 /* PixelArtView.swift */,
			);
			path = PixelArt;
			sourceTree = "<group>";
		};
		E7A581AE3E64FC112A2FFC6D /* GamesHub */ = {
			isa = PBXGroup;
			children = (
				56DF1C5390F9B197DB5AFC10 /* Assets.xcassets */,
				AD2707C340BE42169260F4E7 /* ContentView.swift */,
				91D732393D2C353EC3697944 /* Extensions.swift */,
				4E43B86251AF641F8FE062D4 /* GamesHubApp.swift */,
				0E8E157E64FB775B70AD273C /* Info.plist */,
				5A3CD1B5547F13500EA3B66C /* Games */,
			);
			path = GamesHub;
			sourceTree = "<group>";
		};
		E857D829DE6EC655E544BEE7 /* Puzzle2048 */ = {
			isa = PBXGroup;
			children = (
				BE6F335EB122909D5273879F /* Puzzle2048View.swift */,
			);
			path = Puzzle2048;
			sourceTree = "<group>";
		};
		ED23B2B32405801C8D8FBBF9 /* Products */ = {
			isa = PBXGroup;
			children = (
				C785DBD444FEC719F711C7E9 /* GamesHub.app */,
			);
			name = Products;
			sourceTree = "<group>";
		};
		F23DED8BC786F1FC1A8EE8EE /* Tetris */ = {
			isa = PBXGroup;
			children = (
				F05420B79DE98D1EE483027B /* TetrisView.swift */,
			);
			path = Tetris;
			sourceTree = "<group>";
		};
/* End PBXGroup section */

/* Begin PBXNativeTarget section */
		544E670EB89C0621ADDBEA3B /* GamesHub */ = {
			isa = PBXNativeTarget;
			buildConfigurationList = 0CD7346D100601F2026DB4CB /* Build configuration list for PBXNativeTarget "GamesHub" */;
			buildPhases = (
				891E48B38793CABDE1BF7389 /* Sources */,
				EC2BD33AEC1038FAAB01F3BB /* Resources */,
			);
			buildRules = (
			);
			dependencies = (
			);
			name = GamesHub;
			packageProductDependencies = (
			);
			productName = GamesHub;
			productReference = C785DBD444FEC719F711C7E9 /* GamesHub.app */;
			productType = "com.apple.product-type.application";
		};
/* End PBXNativeTarget section */

/* Begin PBXProject section */
		BA545BFB64867639C1161CF6 /* Project object */ = {
			isa = PBXProject;
			attributes = {
				BuildIndependentTargetsInParallel = YES;
				LastUpgradeCheck = 1650;
				TargetAttributes = {
				};
			};
			buildConfigurationList = D07D6C7896F1AC5C9ADD6492 /* Build configuration list for PBXProject "GamesHub" */;
			developmentRegion = en;
			hasScannedForEncodings = 0;
			knownRegions = (
				Base,
				en,
			);
			mainGroup = 88FD3C13D404B3B53ECBF85E;
			minimizedProjectReferenceProxies = 1;
			preferredProjectObjectVersion = 77;
			productRefGroup = ED23B2B32405801C8D8FBBF9 /* Products */;
			projectDirPath = "";
			projectRoot = "";
			targets = (
				544E670EB89C0621ADDBEA3B /* GamesHub */,
			);
		};
/* End PBXProject section */

/* Begin PBXResourcesBuildPhase section */
		EC2BD33AEC1038FAAB01F3BB /* Resources */ = {
			isa = PBXResourcesBuildPhase;
			buildActionMask = 2147483647;
			files = (
				ACB674306352DF95FF63AA1C /* Assets.xcassets in Resources */,
			);
			runOnlyForDeploymentPostprocessing = 0;
		};
/* End PBXResourcesBuildPhase section */

/* Begin PBXSourcesBuildPhase section */
		891E48B38793CABDE1BF7389 /* Sources */ = {
			isa = PBXSourcesBuildPhase;
			buildActionMask = 2147483647;
			files = (
				6789E024BAF7FF2D1C0E75FF /* AirHockeyView.swift in Sources */,
				BF5CB208682EE0F13AD57D58 /* AnagramView.swift in Sources */,
				3CBFF21D31D486E840ADD070 /* ArcheryView.swift in Sources */,
				4A179488CB345F67EBD19633 /* AsteroidView.swift in Sources */,
				2785C3C23B3F4FFAE4A7C500 /* BalanceBallView.swift in Sources */,
				3EC7E36BCE87EC35481E20D7 /* BeatClockView.swift in Sources */,
				95DE51F86317B5E7E2C6AC9B /* BinaryGameView.swift in Sources */,
				AC49E5196EF24F86D6CF2025 /* BlackjackView.swift in Sources */,
				8C23FC8DF30DBDA80CA8DD2B /* BlockPushView.swift in Sources */,
				D4DD880718AE43893EA2A03E /* BowlingView.swift in Sources */,
				7713944156983C320A1D5B5D /* BreakoutView.swift in Sources */,
				26EE470EF69A73C70E5A7637 /* BrickBlastView.swift in Sources */,
				A535D3DDC0E7E2A5D363857D /* BubblePopView.swift in Sources */,
				DA12E261E2DEACBEE7EB7B6D /* BubbleShooterView.swift in Sources */,
				A999DA3180E0A740C6959D97 /* CatchFishView.swift in Sources */,
				A2285DB1DF9D973B1332D548 /* ChainReactionView.swift in Sources */,
				1FA21A5FCEF53E6556EA9F90 /* CheckersView.swift in Sources */,
				165559E9DE650FA5DFE34F78 /* CircuitView.swift in Sources */,
				AC3E99EF9730E529C0967F67 /* CodeBreakerView.swift in Sources */,
				87E49AA2E3211C75A1A556E5 /* ColorFloodView.swift in Sources */,
				145FDB98E7A385301199F008 /* ColorMatchView.swift in Sources */,
				825F4CB590F206BF07282273 /* ColorSortView.swift in Sources */,
				283D05B500B6D2AAD2D84705 /* ColorWaveView.swift in Sources */,
				433B49152B089B880EC55307 /* ConnectFourView.swift in Sources */,
				EF91FFE64505F36899A62EE5 /* ContentView.swift in Sources */,
				19328985B07F86F8443D9EA6 /* CrosswordView.swift in Sources */,
				D776AB1F4232CFA5BBE2298C /* CrossyHopView.swift in Sources */,
				978B435DD5BB87F84B6DAD84 /* DartsView.swift in Sources */,
				232C9080EF2B3D462622D04B /* DefenseView.swift in Sources */,
				4341F2E7BBDF62358EEFA60D /* DodgeView.swift in Sources */,
				9CA2444F60E9D0F9B2072D91 /* DungeonView.swift in Sources */,
				C75D8E2140DF7B4387484460 /* EmojiMatchView.swift in Sources */,
				BFAAA0A8E39625E810412C2B /* EscapeCodeView.swift in Sources */,
				E7DA7F735D116E0E5E710B8A /* Extensions.swift in Sources */,
				2FF3ED2F60819E0DFF2017C9 /* FarkleView.swift in Sources */,
				0F8F976417F9F46073223C08 /* FinalGauntletView.swift in Sources */,
				EC23FB060E0300A99F50DC9E /* FlagQuizView.swift in Sources */,
				025CA9C0AECB2E12E7F8D940 /* FlappyView.swift in Sources */,
				06C144D9C5F4A93644F5900B /* FlickHoopsView.swift in Sources */,
				5164B8E54F5FD81EA25AC96A /* FlipCardsView.swift in Sources */,
				290329AC5117C5BFFBC51B90 /* FruitSliceView.swift in Sources */,
				E41C6AECD3927A6D82E29602 /* GamesHubApp.swift in Sources */,
				09F88D6C8259A063353F70EC /* GemCatcherView.swift in Sources */,
				548DDA21C0E72F73155E333D /* GolfPuttView.swift in Sources */,
				8FDBC2B6FAF630234B2C1560 /* GravityPuzzleView.swift in Sources */,
				8032DC83432EFB1E39415BA4 /* GravitySwitchView.swift in Sources */,
				CA9693310B19D88AE6C48CC8 /* HangmanView.swift in Sources */,
				72F99D829EA036EA1C1AA973 /* HighLowView.swift in Sources */,
				9EC0BD265889530264BBEFBC /* InfinityHopView.swift in Sources */,
				7ABC653786ABF7F00669B64B /* JumperView.swift in Sources */,
				1C7844A6444FB10F89BFB712 /* LaserMirrorView.swift in Sources */,
				7B8DA6DF7D549FF1C720B54C /* LetterChainView.swift in Sources */,
				A65BAC36592DE9A9E29EC5C8 /* LightsOutView.swift in Sources */,
				27CD94FA01849F635D8793DF /* MagnetBallView.swift in Sources */,
				156324741CC0E45328AC0672 /* Match3View.swift in Sources */,
				36B31DD6F0793413966635F3 /* MathBlitzView.swift in Sources */,
				FF2C2789ED0E203EF1938604 /* MazeView.swift in Sources */,
				744E4A46F601AFCD675184B0 /* MemorySeqView.swift in Sources */,
				7EA3DD12646DCC82C24E3A3A /* MemoryView.swift in Sources */,
				A35C9C65ADA92FBC3EE11957 /* MinesweeperView.swift in Sources */,
				AB049A50CA724F59416BDCD1 /* NonogramView.swift in Sources */,
				0E8851ADE787EE399B3DA14F /* NumberFlowView.swift in Sources */,
				E63EF196CD6F82F676150B9E /* NumberMergeView.swift in Sources */,
				B5988922F38EEB3F2801F13A /* OrbitView.swift in Sources */,
				6DE17209CBAF1CF2C96413F5 /* ParkingView.swift in Sources */,
				C0025C4A896046D7349DB09B /* PathFinderView.swift in Sources */,
				7869C6B2E91F9AD1FAFB0299 /* PicCrossView.swift in Sources */,
				FFE1A5DDC8D74228AEF22816 /* PinballView.swift in Sources */,
				13B82D2F77E6BE6AB4819D14 /* PipeConnectView.swift in Sources */,
				E73278CA30BFECD4FE704A22 /* PixelArtView.swift in Sources */,
				15B8A54DED2D15BC56FD2667 /* PongView.swift in Sources */,
				C318C70492728322B86615BE /* PrimeFinderView.swift in Sources */,
				3CA29996095EF8D89F2B6E80 /* Puzzle2048View.swift in Sources */,
				B39CADCCDE0AF1919250A120 /* ReactionView.swift in Sources */,
				61B7B599636DD43F208E0552 /* RhythmTapView.swift in Sources */,
				9483D6F6ACC5B84928BAB32A /* RopeCutView.swift in Sources */,
				E8A06C4E3F441E3D1D1632F6 /* RunnerView.swift in Sources */,
				328C1F49048333DC0AFA5C3B /* SandFallView.swift in Sources */,
				58663CFBFAE2C5D5FA39573B /* ShadowMatchView.swift in Sources */,
				83B3A60A3B6CD7A5C80D7517 /* SimonView.swift in Sources */,
				537D39CF288F170110A456C1 /* SlidingPuzzleView.swift in Sources */,
				B4963E0EC204B9122EC0E5CA /* SnakeView.swift in Sources */,
				B0076CFBB552B8AE7AB665FF /* SokobanView.swift in Sources */,
				BCDB616091D3C86201AAF4B0 /* SolitaireView.swift in Sources */,
				97191A8F6C03E795128574BD /* SpaceShooterView.swift in Sources */,
				9AB70803AC4D69235EC6D2F1 /* SpinTargetView.swift in Sources */,
				34D355355838E18A93CB5F7B /* SpotDiffView.swift in Sources */,
				2B3EB0242507CF80BADF5EBA /* StackSortView.swift in Sources */,
				5CEAE51A8B73F41BBF767F01 /* StackerView.swift in Sources */,
				A6CF03B1C10B6FC5F86CF2CF /* SudokuView.swift in Sources */,
				4EA9FC459351EBA8FEEA09AC /* TetrisView.swift in Sources */,
				C7E43F534C3BD2974328ABC9 /* TicTacToeView.swift in Sources */,
				C237E01068F4E0EDD4E0480E /* TowerClimbView.swift in Sources */,
				1ADB1D8808ED66F2D45A237C /* TowerHanoiView.swift in Sources */,
				D21BE490AFF1FE1FEC56E238 /* TrafficView.swift in Sources */,
				6545188496931CA8BED71647 /* TriviaView.swift in Sources */,
				F263B21A918282A550E12AB2 /* TypeRaceView.swift in Sources */,
				B6BA7BC54EA99C0F01C9271D /* WaterFlowView.swift in Sources */,
				79D5A949124E44062F7274CF /* WhackView.swift in Sources */,
				345B455C3A9C9EE1D46C3308 /* WordChainView.swift in Sources */,
				B45F1F9C5038C18B51C5DB5E /* WordSearchView.swift in Sources */,
				3CB07EC3E82FBC5932D09C2F /* WordleView.swift in Sources */,
				82BA35A79F167D3FDC9AAFF0 /* ZenPainterView.swift in Sources */,
			);
			runOnlyForDeploymentPostprocessing = 0;
		};
/* End PBXSourcesBuildPhase section */

/* Begin XCBuildConfiguration section */
		2439EDAAFC6A4F81099C95FC /* Release */ = {
			isa = XCBuildConfiguration;
			buildSettings = {
				ASSETCATALOG_COMPILER_APPICON_NAME = AppIcon;
				CODE_SIGN_IDENTITY = "iPhone Developer";
				INFOPLIST_FILE = GamesHub/Info.plist;
				LD_RUNPATH_SEARCH_PATHS = (
					"$(inherited)",
					"@executable_path/Frameworks",
				);
				PRODUCT_BUNDLE_IDENTIFIER = com.gameshub.GamesHub;
				SDKROOT = iphoneos;
				TARGETED_DEVICE_FAMILY = "1,2";
			};
			name = Release;
		};
		27D4A7CC37EE176320AB6C24 /* Release */ = {
			isa = XCBuildConfiguration;
			buildSettings = {
				ALWAYS_SEARCH_USER_PATHS = NO;
				CLANG_ANALYZER_NONNULL = YES;
				CLANG_ANALYZER_NUMBER_OBJECT_CONVERSION = YES_AGGRESSIVE;
				CLANG_CXX_LANGUAGE_STANDARD = "gnu++14";
				CLANG_CXX_LIBRARY = "libc++";
				CLANG_ENABLE_MODULES = YES;
				CLANG_ENABLE_OBJC_ARC = YES;
				CLANG_ENABLE_OBJC_WEAK = YES;
				CLANG_WARN_BLOCK_CAPTURE_AUTORELEASING = YES;
				CLANG_WARN_BOOL_CONVERSION = YES;
				CLANG_WARN_COMMA = YES;
				CLANG_WARN_CONSTANT_CONVERSION = YES;
				CLANG_WARN_DEPRECATED_OBJC_IMPLEMENTATIONS = YES;
				CLANG_WARN_DIRECT_OBJC_ISA_USAGE = YES_ERROR;
				CLANG_WARN_DOCUMENTATION_COMMENTS = YES;
				CLANG_WARN_EMPTY_BODY = YES;
				CLANG_WARN_ENUM_CONVERSION = YES;
				CLANG_WARN_INFINITE_RECURSION = YES;
				CLANG_WARN_INT_CONVERSION = YES;
				CLANG_WARN_NON_LITERAL_NULL_CONVERSION = YES;
				CLANG_WARN_OBJC_IMPLICIT_RETAIN_SELF = YES;
				CLANG_WARN_OBJC_LITERAL_CONVERSION = YES;
				CLANG_WARN_OBJC_ROOT_CLASS = YES_ERROR;
				CLANG_WARN_QUOTED_INCLUDE_IN_FRAMEWORK_HEADER = YES;
				CLANG_WARN_RANGE_LOOP_ANALYSIS = YES;
				CLANG_WARN_STRICT_PROTOTYPES = YES;
				CLANG_WARN_SUSPICIOUS_MOVE = YES;
				CLANG_WARN_UNGUARDED_AVAILABILITY = YES_AGGRESSIVE;
				CLANG_WARN_UNREACHABLE_CODE = YES;
				CLANG_WARN__DUPLICATE_METHOD_MATCH = YES;
				COPY_PHASE_STRIP = NO;
				CURRENT_PROJECT_VERSION = 1;
				DEBUG_INFORMATION_FORMAT = "dwarf-with-dsym";
				ENABLE_NS_ASSERTIONS = NO;
				ENABLE_STRICT_OBJC_MSGSEND = YES;
				GCC_C_LANGUAGE_STANDARD = gnu11;
				GCC_NO_COMMON_BLOCKS = YES;
				GCC_WARN_64_TO_32_BIT_CONVERSION = YES;
				GCC_WARN_ABOUT_RETURN_TYPE = YES_ERROR;
				GCC_WARN_UNDECLARED_SELECTOR = YES;
				GCC_WARN_UNINITIALIZED_AUTOS = YES_AGGRESSIVE;
				GCC_WARN_UNUSED_FUNCTION = YES;
				GCC_WARN_UNUSED_VARIABLE = YES;
				IPHONEOS_DEPLOYMENT_TARGET = 17.0;
				MARKETING_VERSION = 1.0.0;
				MTL_ENABLE_DEBUG_INFO = NO;
				MTL_FAST_MATH = YES;
				PRODUCT_NAME = "$(TARGET_NAME)";
				SDKROOT = iphoneos;
				SWIFT_COMPILATION_MODE = wholemodule;
				SWIFT_OPTIMIZATION_LEVEL = "-O";
				SWIFT_VERSION = 5.9;
			};
			name = Release;
		};
		2A263EF29B60975E433FE5FE /* Debug */ = {
			isa = XCBuildConfiguration;
			buildSettings = {
				ALWAYS_SEARCH_USER_PATHS = NO;
				CLANG_ANALYZER_NONNULL = YES;
				CLANG_ANALYZER_NUMBER_OBJECT_CONVERSION = YES_AGGRESSIVE;
				CLANG_CXX_LANGUAGE_STANDARD = "gnu++14";
				CLANG_CXX_LIBRARY = "libc++";
				CLANG_ENABLE_MODULES = YES;
				CLANG_ENABLE_OBJC_ARC = YES;
				CLANG_ENABLE_OBJC_WEAK = YES;
				CLANG_WARN_BLOCK_CAPTURE_AUTORELEASING = YES;
				CLANG_WARN_BOOL_CONVERSION = YES;
				CLANG_WARN_COMMA = YES;
				CLANG_WARN_CONSTANT_CONVERSION = YES;
				CLANG_WARN_DEPRECATED_OBJC_IMPLEMENTATIONS = YES;
				CLANG_WARN_DIRECT_OBJC_ISA_USAGE = YES_ERROR;
				CLANG_WARN_DOCUMENTATION_COMMENTS = YES;
				CLANG_WARN_EMPTY_BODY = YES;
				CLANG_WARN_ENUM_CONVERSION = YES;
				CLANG_WARN_INFINITE_RECURSION = YES;
				CLANG_WARN_INT_CONVERSION = YES;
				CLANG_WARN_NON_LITERAL_NULL_CONVERSION = YES;
				CLANG_WARN_OBJC_IMPLICIT_RETAIN_SELF = YES;
				CLANG_WARN_OBJC_LITERAL_CONVERSION = YES;
				CLANG_WARN_OBJC_ROOT_CLASS = YES_ERROR;
				CLANG_WARN_QUOTED_INCLUDE_IN_FRAMEWORK_HEADER = YES;
				CLANG_WARN_RANGE_LOOP_ANALYSIS = YES;
				CLANG_WARN_STRICT_PROTOTYPES = YES;
				CLANG_WARN_SUSPICIOUS_MOVE = YES;
				CLANG_WARN_UNGUARDED_AVAILABILITY = YES_AGGRESSIVE;
				CLANG_WARN_UNREACHABLE_CODE = YES;
				CLANG_WARN__DUPLICATE_METHOD_MATCH = YES;
				COPY_PHASE_STRIP = NO;
				CURRENT_PROJECT_VERSION = 1;
				DEBUG_INFORMATION_FORMAT = dwarf;
				ENABLE_STRICT_OBJC_MSGSEND = YES;
				ENABLE_TESTABILITY = YES;
				GCC_C_LANGUAGE_STANDARD = gnu11;
				GCC_DYNAMIC_NO_PIC = NO;
				GCC_NO_COMMON_BLOCKS = YES;
				GCC_OPTIMIZATION_LEVEL = 0;
				GCC_PREPROCESSOR_DEFINITIONS = (
					"$(inherited)",
					"DEBUG=1",
				);
				GCC_WARN_64_TO_32_BIT_CONVERSION = YES;
				GCC_WARN_ABOUT_RETURN_TYPE = YES_ERROR;
				GCC_WARN_UNDECLARED_SELECTOR = YES;
				GCC_WARN_UNINITIALIZED_AUTOS = YES_AGGRESSIVE;
				GCC_WARN_UNUSED_FUNCTION = YES;
				GCC_WARN_UNUSED_VARIABLE = YES;
				IPHONEOS_DEPLOYMENT_TARGET = 17.0;
				MARKETING_VERSION = 1.0.0;
				MTL_ENABLE_DEBUG_INFO = INCLUDE_SOURCE;
				MTL_FAST_MATH = YES;
				ONLY_ACTIVE_ARCH = YES;
				PRODUCT_NAME = "$(TARGET_NAME)";
				SDKROOT = iphoneos;
				SWIFT_ACTIVE_COMPILATION_CONDITIONS = DEBUG;
				SWIFT_OPTIMIZATION_LEVEL = "-Onone";
				SWIFT_VERSION = 5.9;
			};
			name = Debug;
		};
		2EC4BB104CA7DE7E32E8F0F7 /* Debug */ = {
			isa = XCBuildConfiguration;
			buildSettings = {
				ASSETCATALOG_COMPILER_APPICON_NAME = AppIcon;
				CODE_SIGN_IDENTITY = "iPhone Developer";
				INFOPLIST_FILE = GamesHub/Info.plist;
				LD_RUNPATH_SEARCH_PATHS = (
					"$(inherited)",
					"@executable_path/Frameworks",
				);
				PRODUCT_BUNDLE_IDENTIFIER = com.gameshub.GamesHub;
				SDKROOT = iphoneos;
				TARGETED_DEVICE_FAMILY = "1,2";
			};
			name = Debug;
		};
/* End XCBuildConfiguration section */

/* Begin XCConfigurationList section */
		0CD7346D100601F2026DB4CB /* Build configuration list for PBXNativeTarget "GamesHub" */ = {
			isa = XCConfigurationList;
			buildConfigurations = (
				2EC4BB104CA7DE7E32E8F0F7 /* Debug */,
				2439EDAAFC6A4F81099C95FC /* Release */,
			);
			defaultConfigurationIsVisible = 0;
			defaultConfigurationName = Debug;
		};
		D07D6C7896F1AC5C9ADD6492 /* Build configuration list for PBXProject "GamesHub" */ = {
			isa = XCConfigurationList;
			buildConfigurations = (
				2A263EF29B60975E433FE5FE /* Debug */,
				27D4A7CC37EE176320AB6C24 /* Release */,
			);
			defaultConfigurationIsVisible = 0;
			defaultConfigurationName = Debug;
		};
/* End XCConfigurationList section */
	};
	rootObject = BA545BFB64867639C1161CF6 /* Project object */;
}
